<?xml version="1.0" encoding="UTF-8"?>
<CodeBlocks_project_file>
	<FileVersion major="1" minor="6"/>
	<Project>
		<Option title="hybrid"/>
		<Option makefile_is_custom="1"/>
		<Option compiler="gcc"/>
		<Option virtualFolders="CMake Files\;"/>
		<Build>
			<Target title="all">
				<Option working_dir="/home/ali/Desktop/mc-routing"/>
				<Option type="4"/>
				<MakeCommands>
					<Build command="/usr/bin/make -f &quot;/home/ali/Desktop/mc-routing/Makefile&quot;  VERBOSE=1 all"/>
					<CompileFile command="/usr/bin/make -f &quot;/home/ali/Desktop/mc-routing/Makefile&quot;  VERBOSE=1 &quot;$file&quot;"/>
					<Clean command="/usr/bin/make -f &quot;/home/ali/Desktop/mc-routing/Makefile&quot;  VERBOSE=1 clean"/>
					<DistClean command="/usr/bin/make -f &quot;/home/ali/Desktop/mc-routing/Makefile&quot;  VERBOSE=1 clean"/>
				</MakeCommands>
			</Target>
			<Target title="edit_cache">
				<Option working_dir="/home/ali/Desktop/mc-routing"/>
				<Option type="4"/>
				<MakeCommands>
					<Build command="/usr/bin/make -f &quot;/home/ali/Desktop/mc-routing/Makefile&quot;  VERBOSE=1 edit_cache"/>
					<CompileFile command="/usr/bin/make -f &quot;/home/ali/Desktop/mc-routing/Makefile&quot;  VERBOSE=1 &quot;$file&quot;"/>
					<Clean command="/usr/bin/make -f &quot;/home/ali/Desktop/mc-routing/Makefile&quot;  VERBOSE=1 clean"/>
					<DistClean command="/usr/bin/make -f &quot;/home/ali/Desktop/mc-routing/Makefile&quot;  VERBOSE=1 clean"/>
				</MakeCommands>
			</Target>
			<Target title="rebuild_cache">
				<Option working_dir="/home/ali/Desktop/mc-routing"/>
				<Option type="4"/>
				<MakeCommands>
					<Build command="/usr/bin/make -f &quot;/home/ali/Desktop/mc-routing/Makefile&quot;  VERBOSE=1 rebuild_cache"/>
					<CompileFile command="/usr/bin/make -f &quot;/home/ali/Desktop/mc-routing/Makefile&quot;  VERBOSE=1 &quot;$file&quot;"/>
					<Clean command="/usr/bin/make -f &quot;/home/ali/Desktop/mc-routing/Makefile&quot;  VERBOSE=1 clean"/>
					<DistClean command="/usr/bin/make -f &quot;/home/ali/Desktop/mc-routing/Makefile&quot;  VERBOSE=1 clean"/>
				</MakeCommands>
			</Target>
			<Target title="hybrid">
				<Option output="/home/ali/Desktop/mc-routing/hybrid" prefix_auto="0" extension_auto="0"/>
				<Option working_dir="/home/ali/Desktop/mc-routing"/>
				<Option object_output="./"/>
				<Option type="1"/>
				<Option compiler="gcc"/>
				<Compiler>
					<Add option="-D_DOUBLE"/>
					<Add option="-DIL_STD"/>
					<Add option="-DMIPSOLVER"/>
					<Add directory="/opt/ibm/ILOG/CPLEX_Studio128/concert/include"/>
					<Add directory="/opt/ibm/ILOG/CPLEX_Studio128/cplex/include"/>
					<Add directory="/opt/ibm/ILOG/CPLEX_Studio128/cpoptimizer/include"/>
				</Compiler>
				<MakeCommands>
					<Build command="/usr/bin/make -f &quot;/home/ali/Desktop/mc-routing/Makefile&quot;  VERBOSE=1 hybrid"/>
					<CompileFile command="/usr/bin/make -f &quot;/home/ali/Desktop/mc-routing/Makefile&quot;  VERBOSE=1 &quot;$file&quot;"/>
					<Clean command="/usr/bin/make -f &quot;/home/ali/Desktop/mc-routing/Makefile&quot;  VERBOSE=1 clean"/>
					<DistClean command="/usr/bin/make -f &quot;/home/ali/Desktop/mc-routing/Makefile&quot;  VERBOSE=1 clean"/>
				</MakeCommands>
			</Target>
			<Target title="hybrid/fast">
				<Option output="/home/ali/Desktop/mc-routing/hybrid" prefix_auto="0" extension_auto="0"/>
				<Option working_dir="/home/ali/Desktop/mc-routing"/>
				<Option object_output="./"/>
				<Option type="1"/>
				<Option compiler="gcc"/>
				<Compiler>
					<Add option="-D_DOUBLE"/>
					<Add option="-DIL_STD"/>
					<Add option="-DMIPSOLVER"/>
					<Add directory="/opt/ibm/ILOG/CPLEX_Studio128/concert/include"/>
					<Add directory="/opt/ibm/ILOG/CPLEX_Studio128/cplex/include"/>
					<Add directory="/opt/ibm/ILOG/CPLEX_Studio128/cpoptimizer/include"/>
				</Compiler>
				<MakeCommands>
					<Build command="/usr/bin/make -f &quot;/home/ali/Desktop/mc-routing/Makefile&quot;  VERBOSE=1 hybrid/fast"/>
					<CompileFile command="/usr/bin/make -f &quot;/home/ali/Desktop/mc-routing/Makefile&quot;  VERBOSE=1 &quot;$file&quot;"/>
					<Clean command="/usr/bin/make -f &quot;/home/ali/Desktop/mc-routing/Makefile&quot;  VERBOSE=1 clean"/>
					<DistClean command="/usr/bin/make -f &quot;/home/ali/Desktop/mc-routing/Makefile&quot;  VERBOSE=1 clean"/>
				</MakeCommands>
			</Target>
		</Build>
		<Unit filename="/home/ali/Desktop/mc-routing/src/Configurations.hpp">
			<Option target="hybrid"/>
		</Unit>
		<Unit filename="/home/ali/Desktop/mc-routing/src/ConfigureCallbacksCall.h">
			<Option target="hybrid"/>
		</Unit>
		<Unit filename="/home/ali/Desktop/mc-routing/src/Libs.hpp">
			<Option target="hybrid"/>
		</Unit>
		<Unit filename="/home/ali/Desktop/mc-routing/src/Utility.cpp">
			<Option target="hybrid"/>
		</Unit>
		<Unit filename="/home/ali/Desktop/mc-routing/src/Utility.hpp">
			<Option target="hybrid"/>
		</Unit>
		<Unit filename="/home/ali/Desktop/mc-routing/src/data/Model.hpp">
			<Option target="hybrid"/>
		</Unit>
		<Unit filename="/home/ali/Desktop/mc-routing/src/data/attributes.hpp">
			<Option target="hybrid"/>
		</Unit>
		<Unit filename="/home/ali/Desktop/mc-routing/src/data/attributes/Appointment.hpp">
			<Option target="hybrid"/>
		</Unit>
		<Unit filename="/home/ali/Desktop/mc-routing/src/data/attributes/Consumer.hpp">
			<Option target="hybrid"/>
		</Unit>
		<Unit filename="/home/ali/Desktop/mc-routing/src/data/attributes/GeoNode.hpp">
			<Option target="hybrid"/>
		</Unit>
		<Unit filename="/home/ali/Desktop/mc-routing/src/data/attributes/InsertionCost.hpp">
			<Option target="hybrid"/>
		</Unit>
		<Unit filename="/home/ali/Desktop/mc-routing/src/data/attributes/Profiter.hpp">
			<Option target="hybrid"/>
		</Unit>
		<Unit filename="/home/ali/Desktop/mc-routing/src/data/attributes/Rendezvous.hpp">
			<Option target="hybrid"/>
		</Unit>
		<Unit filename="/home/ali/Desktop/mc-routing/src/data/attributes/Service.hpp">
			<Option target="hybrid"/>
		</Unit>
		<Unit filename="/home/ali/Desktop/mc-routing/src/data/attributes/ServiceQuery.hpp">
			<Option target="hybrid"/>
		</Unit>
		<Unit filename="/home/ali/Desktop/mc-routing/src/data/attributes/Stock.hpp">
			<Option target="hybrid"/>
		</Unit>
		<Unit filename="/home/ali/Desktop/mc-routing/src/data/models/Client.hpp">
			<Option target="hybrid"/>
		</Unit>
		<Unit filename="/home/ali/Desktop/mc-routing/src/data/models/Depot.hpp">
			<Option target="hybrid"/>
		</Unit>
		<Unit filename="/home/ali/Desktop/mc-routing/src/data/models/Solution.hpp">
			<Option target="hybrid"/>
		</Unit>
		<Unit filename="/home/ali/Desktop/mc-routing/src/data/models/Tour.hpp">
			<Option target="hybrid"/>
		</Unit>
		<Unit filename="/home/ali/Desktop/mc-routing/src/data/models/Vehicle.hpp">
			<Option target="hybrid"/>
		</Unit>
		<Unit filename="/home/ali/Desktop/mc-routing/src/data/models/models.cpp">
			<Option target="hybrid"/>
		</Unit>
		<Unit filename="/home/ali/Desktop/mc-routing/src/data/problem.cpp">
			<Option target="hybrid"/>
		</Unit>
		<Unit filename="/home/ali/Desktop/mc-routing/src/data/problem.hpp">
			<Option target="hybrid"/>
		</Unit>
		<Unit filename="/home/ali/Desktop/mc-routing/src/data/reader.hpp">
			<Option target="hybrid"/>
		</Unit>
		<Unit filename="/home/ali/Desktop/mc-routing/src/getopt_pp.cpp">
			<Option target="hybrid"/>
		</Unit>
		<Unit filename="/home/ali/Desktop/mc-routing/src/getopt_pp.hpp">
			<Option target="hybrid"/>
		</Unit>
		<Unit filename="/home/ali/Desktop/mc-routing/src/main.cpp">
			<Option target="hybrid"/>
		</Unit>
		<Unit filename="/home/ali/Desktop/mc-routing/src/mtrand.cpp">
			<Option target="hybrid"/>
		</Unit>
		<Unit filename="/home/ali/Desktop/mc-routing/src/mtrand.hpp">
			<Option target="hybrid"/>
		</Unit>
		<Unit filename="/home/ali/Desktop/mc-routing/src/problems/ccvrp/ccvrp.cpp">
			<Option target="hybrid"/>
		</Unit>
		<Unit filename="/home/ali/Desktop/mc-routing/src/problems/ccvrp/ccvrp.hpp">
			<Option target="hybrid"/>
		</Unit>
		<Unit filename="/home/ali/Desktop/mc-routing/src/problems/cvrp/Problem.cpp">
			<Option target="hybrid"/>
		</Unit>
		<Unit filename="/home/ali/Desktop/mc-routing/src/problems/cvrp/Problem.hpp">
			<Option target="hybrid"/>
		</Unit>
		<Unit filename="/home/ali/Desktop/mc-routing/src/problems/cvrp/Reader.cpp">
			<Option target="hybrid"/>
		</Unit>
		<Unit filename="/home/ali/Desktop/mc-routing/src/problems/cvrp/Reader.hpp">
			<Option target="hybrid"/>
		</Unit>
		<Unit filename="/home/ali/Desktop/mc-routing/src/problems/cvrp/cvrp.hpp">
			<Option target="hybrid"/>
		</Unit>
		<Unit filename="/home/ali/Desktop/mc-routing/src/problems/cvrp/models/Client.cpp">
			<Option target="hybrid"/>
		</Unit>
		<Unit filename="/home/ali/Desktop/mc-routing/src/problems/cvrp/models/Client.hpp">
			<Option target="hybrid"/>
		</Unit>
		<Unit filename="/home/ali/Desktop/mc-routing/src/problems/cvrp/models/Depot.cpp">
			<Option target="hybrid"/>
		</Unit>
		<Unit filename="/home/ali/Desktop/mc-routing/src/problems/cvrp/models/Depot.hpp">
			<Option target="hybrid"/>
		</Unit>
		<Unit filename="/home/ali/Desktop/mc-routing/src/problems/cvrp/models/InsertionCost.cpp">
			<Option target="hybrid"/>
		</Unit>
		<Unit filename="/home/ali/Desktop/mc-routing/src/problems/cvrp/models/InsertionCost.hpp">
			<Option target="hybrid"/>
		</Unit>
		<Unit filename="/home/ali/Desktop/mc-routing/src/problems/cvrp/models/Solution.cpp">
			<Option target="hybrid"/>
		</Unit>
		<Unit filename="/home/ali/Desktop/mc-routing/src/problems/cvrp/models/Solution.hpp">
			<Option target="hybrid"/>
		</Unit>
		<Unit filename="/home/ali/Desktop/mc-routing/src/problems/cvrp/models/Tour.cpp">
			<Option target="hybrid"/>
		</Unit>
		<Unit filename="/home/ali/Desktop/mc-routing/src/problems/cvrp/models/Tour.hpp">
			<Option target="hybrid"/>
		</Unit>
		<Unit filename="/home/ali/Desktop/mc-routing/src/problems/cvrp/models/Vehicle.cpp">
			<Option target="hybrid"/>
		</Unit>
		<Unit filename="/home/ali/Desktop/mc-routing/src/problems/cvrp/models/Vehicle.hpp">
			<Option target="hybrid"/>
		</Unit>
		<Unit filename="/home/ali/Desktop/mc-routing/src/problems/cvrp/routines/HeuristicCallback.cpp">
			<Option target="hybrid"/>
		</Unit>
		<Unit filename="/home/ali/Desktop/mc-routing/src/problems/cvrp/routines/HeuristicCallback.hpp">
			<Option target="hybrid"/>
		</Unit>
		<Unit filename="/home/ali/Desktop/mc-routing/src/problems/cvrp/routines/IncumbentCallback.cpp">
			<Option target="hybrid"/>
		</Unit>
		<Unit filename="/home/ali/Desktop/mc-routing/src/problems/cvrp/routines/IncumbentCallback.hpp">
			<Option target="hybrid"/>
		</Unit>
		<Unit filename="/home/ali/Desktop/mc-routing/src/problems/cvrp/routines/operators/Constructor.cpp">
			<Option target="hybrid"/>
		</Unit>
		<Unit filename="/home/ali/Desktop/mc-routing/src/problems/cvrp/routines/operators/Constructor.hpp">
			<Option target="hybrid"/>
		</Unit>
		<Unit filename="/home/ali/Desktop/mc-routing/src/problems/cvrp/routines/operators/Decoder.cpp">
			<Option target="hybrid"/>
		</Unit>
		<Unit filename="/home/ali/Desktop/mc-routing/src/problems/cvrp/routines/operators/Decoder.hpp">
			<Option target="hybrid"/>
		</Unit>
		<Unit filename="/home/ali/Desktop/mc-routing/src/problems/cvrp/routines/operators/Destructor.cpp">
			<Option target="hybrid"/>
		</Unit>
		<Unit filename="/home/ali/Desktop/mc-routing/src/problems/cvrp/routines/operators/Destructor.hpp">
			<Option target="hybrid"/>
		</Unit>
		<Unit filename="/home/ali/Desktop/mc-routing/src/problems/cvrp/solvers/Checker.cpp">
			<Option target="hybrid"/>
		</Unit>
		<Unit filename="/home/ali/Desktop/mc-routing/src/problems/cvrp/solvers/Checker.hpp">
			<Option target="hybrid"/>
		</Unit>
		<Unit filename="/home/ali/Desktop/mc-routing/src/problems/cvrp/solvers/LSSolver.hpp">
			<Option target="hybrid"/>
		</Unit>
		<Unit filename="/home/ali/Desktop/mc-routing/src/problems/cvrptw/Reader.cpp">
			<Option target="hybrid"/>
		</Unit>
		<Unit filename="/home/ali/Desktop/mc-routing/src/problems/cvrptw/Reader.hpp">
			<Option target="hybrid"/>
		</Unit>
		<Unit filename="/home/ali/Desktop/mc-routing/src/problems/cvrptw/cvrptw.cpp">
			<Option target="hybrid"/>
		</Unit>
		<Unit filename="/home/ali/Desktop/mc-routing/src/problems/cvrptw/cvrptw.hpp">
			<Option target="hybrid"/>
		</Unit>
		<Unit filename="/home/ali/Desktop/mc-routing/src/problems/cvrptw/models/Client.cpp">
			<Option target="hybrid"/>
		</Unit>
		<Unit filename="/home/ali/Desktop/mc-routing/src/problems/cvrptw/models/Client.hpp">
			<Option target="hybrid"/>
		</Unit>
		<Unit filename="/home/ali/Desktop/mc-routing/src/problems/cvrptw/models/Depot.cpp">
			<Option target="hybrid"/>
		</Unit>
		<Unit filename="/home/ali/Desktop/mc-routing/src/problems/cvrptw/models/Depot.hpp">
			<Option target="hybrid"/>
		</Unit>
		<Unit filename="/home/ali/Desktop/mc-routing/src/problems/cvrptw/models/InsertionCost.cpp">
			<Option target="hybrid"/>
		</Unit>
		<Unit filename="/home/ali/Desktop/mc-routing/src/problems/cvrptw/models/InsertionCost.hpp">
			<Option target="hybrid"/>
		</Unit>
		<Unit filename="/home/ali/Desktop/mc-routing/src/problems/cvrptw/models/Problem.cpp">
			<Option target="hybrid"/>
		</Unit>
		<Unit filename="/home/ali/Desktop/mc-routing/src/problems/cvrptw/models/Problem.hpp">
			<Option target="hybrid"/>
		</Unit>
		<Unit filename="/home/ali/Desktop/mc-routing/src/problems/cvrptw/models/Solution.cpp">
			<Option target="hybrid"/>
		</Unit>
		<Unit filename="/home/ali/Desktop/mc-routing/src/problems/cvrptw/models/Solution.hpp">
			<Option target="hybrid"/>
		</Unit>
		<Unit filename="/home/ali/Desktop/mc-routing/src/problems/cvrptw/models/Tour.cpp">
			<Option target="hybrid"/>
		</Unit>
		<Unit filename="/home/ali/Desktop/mc-routing/src/problems/cvrptw/models/Tour.hpp">
			<Option target="hybrid"/>
		</Unit>
		<Unit filename="/home/ali/Desktop/mc-routing/src/problems/cvrptw/models/Vehicle.cpp">
			<Option target="hybrid"/>
		</Unit>
		<Unit filename="/home/ali/Desktop/mc-routing/src/problems/cvrptw/models/Vehicle.hpp">
			<Option target="hybrid"/>
		</Unit>
		<Unit filename="/home/ali/Desktop/mc-routing/src/problems/cvrptw/models/Visit.cpp">
			<Option target="hybrid"/>
		</Unit>
		<Unit filename="/home/ali/Desktop/mc-routing/src/problems/cvrptw/models/Visit.hpp">
			<Option target="hybrid"/>
		</Unit>
		<Unit filename="/home/ali/Desktop/mc-routing/src/problems/cvrptw/routines/Callbacks/HeuristicCallback.cpp">
			<Option target="hybrid"/>
		</Unit>
		<Unit filename="/home/ali/Desktop/mc-routing/src/problems/cvrptw/routines/Callbacks/HeuristicCallback.hpp">
			<Option target="hybrid"/>
		</Unit>
		<Unit filename="/home/ali/Desktop/mc-routing/src/problems/cvrptw/routines/operators/Constructor.cpp">
			<Option target="hybrid"/>
		</Unit>
		<Unit filename="/home/ali/Desktop/mc-routing/src/problems/cvrptw/routines/operators/Constructor.hpp">
			<Option target="hybrid"/>
		</Unit>
		<Unit filename="/home/ali/Desktop/mc-routing/src/problems/cvrptw/routines/operators/Destructor.cpp">
			<Option target="hybrid"/>
		</Unit>
		<Unit filename="/home/ali/Desktop/mc-routing/src/problems/cvrptw/routines/operators/Destructor.hpp">
			<Option target="hybrid"/>
		</Unit>
		<Unit filename="/home/ali/Desktop/mc-routing/src/problems/cvrptw/solvers/Checker.cpp">
			<Option target="hybrid"/>
		</Unit>
		<Unit filename="/home/ali/Desktop/mc-routing/src/problems/cvrptw/solvers/Checker.hpp">
			<Option target="hybrid"/>
		</Unit>
		<Unit filename="/home/ali/Desktop/mc-routing/src/problems/cvrptw/solvers/LSSolver.hpp">
			<Option target="hybrid"/>
		</Unit>
		<Unit filename="/home/ali/Desktop/mc-routing/src/problems/toptw/toptw.cpp">
			<Option target="hybrid"/>
		</Unit>
		<Unit filename="/home/ali/Desktop/mc-routing/src/problems/toptw/toptw.hpp">
			<Option target="hybrid"/>
		</Unit>
		<Unit filename="/home/ali/Desktop/mc-routing/src/problems/vrptwsyn/vrptwsyn.cpp">
			<Option target="hybrid"/>
		</Unit>
		<Unit filename="/home/ali/Desktop/mc-routing/src/problems/vrptwsyn/vrptwsyn.hpp">
			<Option target="hybrid"/>
		</Unit>
		<Unit filename="/home/ali/Desktop/mc-routing/src/routines/callbacks.hpp">
			<Option target="hybrid"/>
		</Unit>
		<Unit filename="/home/ali/Desktop/mc-routing/src/routines/callbacks/HeuristicCallback.cpp">
			<Option target="hybrid"/>
		</Unit>
		<Unit filename="/home/ali/Desktop/mc-routing/src/routines/callbacks/HeuristicCallback.hpp">
			<Option target="hybrid"/>
		</Unit>
		<Unit filename="/home/ali/Desktop/mc-routing/src/routines/callbacks/IncumbentCallback.cpp">
			<Option target="hybrid"/>
		</Unit>
		<Unit filename="/home/ali/Desktop/mc-routing/src/routines/callbacks/IncumbentCallback.hpp">
			<Option target="hybrid"/>
		</Unit>
		<Unit filename="/home/ali/Desktop/mc-routing/src/routines/callbacks/InformationCallback.cpp">
			<Option target="hybrid"/>
		</Unit>
		<Unit filename="/home/ali/Desktop/mc-routing/src/routines/callbacks/InformationCallback.hpp">
			<Option target="hybrid"/>
		</Unit>
		<Unit filename="/home/ali/Desktop/mc-routing/src/routines/callbacks/LazyConstraintCallback.cpp">
			<Option target="hybrid"/>
		</Unit>
		<Unit filename="/home/ali/Desktop/mc-routing/src/routines/callbacks/LazyConstraintCallback.hpp">
			<Option target="hybrid"/>
		</Unit>
		<Unit filename="/home/ali/Desktop/mc-routing/src/routines/callbacks/UserCutCallback.cpp">
			<Option target="hybrid"/>
		</Unit>
		<Unit filename="/home/ali/Desktop/mc-routing/src/routines/callbacks/UserCutCallback.hpp">
			<Option target="hybrid"/>
		</Unit>
		<Unit filename="/home/ali/Desktop/mc-routing/src/routines/neighborhoods/Generator.cpp">
			<Option target="hybrid"/>
		</Unit>
		<Unit filename="/home/ali/Desktop/mc-routing/src/routines/neighborhoods/Generator.hpp">
			<Option target="hybrid"/>
		</Unit>
		<Unit filename="/home/ali/Desktop/mc-routing/src/routines/neighborhoods/IDCH.cpp">
			<Option target="hybrid"/>
		</Unit>
		<Unit filename="/home/ali/Desktop/mc-routing/src/routines/neighborhoods/IDCH.hpp">
			<Option target="hybrid"/>
		</Unit>
		<Unit filename="/home/ali/Desktop/mc-routing/src/routines/neighborhoods/Move.cpp">
			<Option target="hybrid"/>
		</Unit>
		<Unit filename="/home/ali/Desktop/mc-routing/src/routines/neighborhoods/Move.hpp">
			<Option target="hybrid"/>
		</Unit>
		<Unit filename="/home/ali/Desktop/mc-routing/src/routines/neighborhoods/Neighborhood.hpp">
			<Option target="hybrid"/>
		</Unit>
		<Unit filename="/home/ali/Desktop/mc-routing/src/routines/operators/Constructor.hpp">
			<Option target="hybrid"/>
		</Unit>
		<Unit filename="/home/ali/Desktop/mc-routing/src/routines/operators/Decoder.hpp">
			<Option target="hybrid"/>
		</Unit>
		<Unit filename="/home/ali/Desktop/mc-routing/src/routines/operators/Destructor.hpp">
			<Option target="hybrid"/>
		</Unit>
		<Unit filename="/home/ali/Desktop/mc-routing/src/solvers/Checker.hpp">
			<Option target="hybrid"/>
		</Unit>
		<Unit filename="/home/ali/Desktop/mc-routing/src/solvers/LSSolver.hpp">
			<Option target="hybrid"/>
		</Unit>
		<Unit filename="/home/ali/Desktop/mc-routing/src/solvers/MIPSolver.hpp">
			<Option target="hybrid"/>
		</Unit>
		<Unit filename="/home/ali/Desktop/mc-routing/src/solvers/Solver.hpp">
			<Option target="hybrid"/>
		</Unit>
		<Unit filename="/home/ali/Desktop/mc-routing/CMakeLists.txt">
			<Option virtualFolder="CMake Files\"/>
		</Unit>
	</Project>
</CodeBlocks_project_file>
